
Microsoft Visual Studio Solution File, Format Version 12.00
# Visual Studio Version 16
VisualStudioVersion = 16.0.31729.503
MinimumVisualStudioVersion = 10.0.40219.1
Project("{FAE04EC0-301F-11D3-BF4B-00C04F79EFBC}") = "Gra w kosci", "Gra w kosci\Gra w kosci.csproj", "{634F81ED-BEF2-4F93-BE11-8422919248F2}"
EndProject
Global
	GlobalSection(SolutionConfigurationPlatforms) = preSolution
		Debug|Any CPU = Debug|Any CPU
		Release|Any CPU = Release|Any CPU
	EndGlobalSection
	GlobalSection(ProjectConfigurationPlatforms) = postSolution
		{634F81ED-BEF2-4F93-BE11-8422919248F2}.Debug|Any CPU.ActiveCfg = Debug|Any CPU
		{634F81ED-BEF2-4F93-BE11-8422919248F2}.Debug|Any CPU.Build.0 = Debug|Any CPU
		{634F81ED-BEF2-4F93-BE11-8422919248F2}.Release|Any CPU.ActiveCfg = Release|Any CPU
		{634F81ED-BEF2-4F93-BE11-8422919248F2}.Release|Any CPU.Build.0 = Release|Any CPU
	EndGlobalSection
	GlobalSection(SolutionProperties) = preSolution
		HideSolutionNode = FALSE
	EndGlobalSection
	GlobalSection(ExtensibilityGlobals) = postSolution
		SolutionGuid = {4E9234D7-BAE6-4A77-B1D2-309B34818694}
	EndGlobalSection
EndGlobal
